
Microsoft Visual Studio Solution File, Format Version 12.00
# Visual Studio Version 17
VisualStudioVersion = 17.5.002.0
MinimumVisualStudioVersion = 10.0.40219.1
Project("{9A19103F-16F7-4668-BE54-9A1E7A4F7556}") = "hello-algo", "hello-algo.csproj", "{48B60439-EFDC-4C8F-AE8D-41979958C8AC}"
EndProject
Global
	GlobalSection(SolutionConfigurationPlatforms) = preSolution
		Debug|Any CPU = Debug|Any CPU
		Release|Any CPU = Release|Any CPU
	EndGlobalSection
	GlobalSection(ProjectConfigurationPlatforms) = postSolution
		{48B60439-EFDC-4C8F-AE8D-41979958C8AC}.Debug|Any CPU.ActiveCfg = Debug|Any CPU
		{48B60439-EFDC-4C8F-AE8D-41979958C8AC}.Debug|Any CPU.Build.0 = Debug|Any CPU
		{48B60439-EFDC-4C8F-AE8D-41979958C8AC}.Release|Any CPU.ActiveCfg = Release|Any CPU
		{48B60439-EFDC-4C8F-AE8D-41979958C8AC}.Release|Any CPU.Build.0 = Release|Any CPU
	EndGlobalSection
	GlobalSection(SolutionProperties) = preSolution
		HideSolutionNode = FALSE
	EndGlobalSection
	GlobalSection(ExtensibilityGlobals) = postSolution
		SolutionGuid = {1E773F8A-FF66-4974-820B-FCE9032D19AE}
	EndGlobalSection
EndGlobal
