{
  "pins" : [
    {
      "identity" : "swift-collections",
      "kind" : "remoteSourceControl",
      "location" : "https://github.com/apple/swift-collections",
      "state" : {
        "branch" : "release/1.1",
        "revision" : "4a1d92ba85027010d2c528c05576cde9a362254b"
      }
    }
  ],
  "version" : 2
}
