{
    "name": "typescript",
    "lockfileVersion": 3,
    "requires": true,
    "packages": {
        "": {
            "devDependencies": {
                "@types/node": "^20.12.7",
                "tsx": "^4.7.2",
                "typescript": "^5.4.5"
            }
        },
        "node_modules/@esbuild/darwin-arm64": {
            "version": "0.19.12",
            "resolved": "https://registry.npmjs.org/@esbuild/darwin-arm64/-/darwin-arm64-0.19.12.tgz",
            "integrity": "sha512-B6IeSgZgtEzGC42jsI+YYu9Z3HKRxp8ZT3cqhvliEHovq8HSX2YX8lNocDn79gCKJXOSaEot9MVYky7AKjCs8g==",
            "cpu": [
                "arm64"
            ],
            "dev": true,
            "optional": true,
            "os": [
                "darwin"
            ],
            "engines": {
                "node": ">=12"
            }
        },
        "node_modules/@types/node": {
            "version": "20.12.7",
            "resolved": "https://registry.npmjs.org/@types/node/-/node-20.12.7.tgz",
            "integrity": "sha512-wq0cICSkRLVaf3UGLMGItu/PtdY7oaXaI/RVU+xliKVOtRna3PRY57ZDfztpDL0n11vfymMUnXv8QwYCO7L1wg==",
            "dev": true,
            "dependencies": {
                "undici-types": "~5.26.4"
            }
        },
        "node_modules/esbuild": {
            "version": "0.19.12",
            "resolved": "https://registry.npmjs.org/esbuild/-/esbuild-0.19.12.tgz",
            "integrity": "sha512-aARqgq8roFBj054KvQr5f1sFu0D65G+miZRCuJyJ0G13Zwx7vRar5Zhn2tkQNzIXcBrNVsv/8stehpj+GAjgbg==",
            "dev": true,
            "hasInstallScript": true,
            "bin": {
                "esbuild": "bin/esbuild"
            },
            "engines": {
                "node": ">=12"
            },
            "optionalDependencies": {
                "@esbuild/aix-ppc64": "0.19.12",
                "@esbuild/android-arm": "0.19.12",
                "@esbuild/android-arm64": "0.19.12",
                "@esbuild/android-x64": "0.19.12",
                "@esbuild/darwin-arm64": "0.19.12",
                "@esbuild/darwin-x64": "0.19.12",
                "@esbuild/freebsd-arm64": "0.19.12",
                "@esbuild/freebsd-x64": "0.19.12",
                "@esbuild/linux-arm": "0.19.12",
                "@esbuild/linux-arm64": "0.19.12",
                "@esbuild/linux-ia32": "0.19.12",
                "@esbuild/linux-loong64": "0.19.12",
                "@esbuild/linux-mips64el": "0.19.12",
                "@esbuild/linux-ppc64": "0.19.12",
                "@esbuild/linux-riscv64": "0.19.12",
                "@esbuild/linux-s390x": "0.19.12",
                "@esbuild/linux-x64": "0.19.12",
                "@esbuild/netbsd-x64": "0.19.12",
                "@esbuild/openbsd-x64": "0.19.12",
                "@esbuild/sunos-x64": "0.19.12",
                "@esbuild/win32-arm64": "0.19.12",
                "@esbuild/win32-ia32": "0.19.12",
                "@esbuild/win32-x64": "0.19.12"
            }
        },
        "node_modules/get-tsconfig": {
            "version": "4.7.3",
            "resolved": "https://registry.npmjs.org/get-tsconfig/-/get-tsconfig-4.7.3.tgz",
            "integrity": "sha512-ZvkrzoUA0PQZM6fy6+/Hce561s+faD1rsNwhnO5FelNjyy7EMGJ3Rz1AQ8GYDWjhRs/7dBLOEJvhK8MiEJOAFg==",
            "dev": true,
            "dependencies": {
                "resolve-pkg-maps": "^1.0.0"
            },
            "funding": {
                "url": "https://github.com/privatenumber/get-tsconfig?sponsor=1"
            }
        },
        "node_modules/resolve-pkg-maps": {
            "version": "1.0.0",
            "resolved": "https://registry.npmjs.org/resolve-pkg-maps/-/resolve-pkg-maps-1.0.0.tgz",
            "integrity": "sha512-seS2Tj26TBVOC2NIc2rOe2y2ZO7efxITtLZcGSOnHHNOQ7CkiUBfw0Iw2ck6xkIhPwLhKNLS8BO+hEpngQlqzw==",
            "dev": true,
            "funding": {
                "url": "https://github.com/privatenumber/resolve-pkg-maps?sponsor=1"
            }
        },
        "node_modules/tsx": {
            "version": "4.7.2",
            "resolved": "https://registry.npmjs.org/tsx/-/tsx-4.7.2.tgz",
            "integrity": "sha512-BCNd4kz6fz12fyrgCTEdZHGJ9fWTGeUzXmQysh0RVocDY3h4frk05ZNCXSy4kIenF7y/QnrdiVpTsyNRn6vlAw==",
            "dev": true,
            "dependencies": {
                "esbuild": "~0.19.10",
                "get-tsconfig": "^4.7.2"
            },
            "bin": {
                "tsx": "dist/cli.mjs"
            },
            "engines": {
                "node": ">=18.0.0"
            },
            "optionalDependencies": {
                "fsevents": "~2.3.3"
            }
        },
        "node_modules/typescript": {
            "version": "5.4.5",
            "resolved": "https://registry.npmjs.org/typescript/-/typescript-5.4.5.tgz",
            "integrity": "sha512-vcI4UpRgg81oIRUFwR0WSIHKt11nJ7SAVlYNIu+QpqeyXP+gpQJy/Z4+F0aGxSE4MqwjyXvW/TzgkLAx2AGHwQ==",
            "dev": true,
            "bin": {
                "tsc": "bin/tsc",
                "tsserver": "bin/tsserver"
            },
            "engines": {
                "node": ">=14.17"
            }
        },
        "node_modules/undici-types": {
            "version": "5.26.5",
            "resolved": "https://registry.npmjs.org/undici-types/-/undici-types-5.26.5.tgz",
            "integrity": "sha512-JlCMO+ehdEIKqlFxk6IfVoAUVmgz7cU7zD/h9XZ0qzeosSHmUJVOzSQvvYSYWXkFXC+IfLKSIffhv0sVZup6pA==",
            "dev": true
        }
    }
}
