
Microsoft Visual Studio Solution File, Format Version 12.00
# Visual Studio Version 17
VisualStudioVersion = 17.1.32421.90
MinimumVisualStudioVersion = 10.0.40219.1
Project("{9A19103F-16F7-4668-BE54-9A1E7A4F7556}") = "hello-algo", "hello-algo.csproj", "{C88820BB-BD9C-4993-9FAE-D3C09FEF4E4B}"
EndProject
Global
	GlobalSection(SolutionConfigurationPlatforms) = preSolution
		Debug|Any CPU = Debug|Any CPU
		Release|Any CPU = Release|Any CPU
	EndGlobalSection
	GlobalSection(ProjectConfigurationPlatforms) = postSolution
		{C88820BB-BD9C-4993-9FAE-D3C09FEF4E4B}.Debug|Any CPU.ActiveCfg = Debug|Any CPU
		{C88820BB-BD9C-4993-9FAE-D3C09FEF4E4B}.Debug|Any CPU.Build.0 = Debug|Any CPU
		{C88820BB-BD9C-4993-9FAE-D3C09FEF4E4B}.Release|Any CPU.ActiveCfg = Release|Any CPU
		{C88820BB-BD9C-4993-9FAE-D3C09FEF4E4B}.Release|Any CPU.Build.0 = Release|Any CPU
	EndGlobalSection
	GlobalSection(SolutionProperties) = preSolution
		HideSolutionNode = FALSE
	EndGlobalSection
	GlobalSection(ExtensibilityGlobals) = postSolution
		SolutionGuid = {93C0511D-8D01-43BB-BD42-8E053E46FD67}
	EndGlobalSection
EndGlobal
